{
  "name": "moltbot-install",
  "version": "1.0.0",
  "lockfileVersion": 3,
  "requires": true,
  "packages": {
    "": {
      "name": "moltbot-install",
      "version": "1.0.0",
      "license": "ISC",
      "dependencies": {
        "moltbot": "^0.1.0"
      }
    },
    "node_modules/moltbot": {
      "version": "0.1.0",
      "resolved": "https://registry.npmjs.org/moltbot/-/moltbot-0.1.0.tgz",
      "integrity": "sha512-lJaI85TWhrDYmsaMXElp4EuvJpsdyaVpeoOnmOLXwOUPUUlwkJv7aAz+AlxFmwqtYP5wT95ZUCu16sfrM/VtiA==",
      "engines": {
        "node": ">=24",
        "pnpm": ">=10"
      }
    }
  }
}
